
Microsoft Visual Studio Solution File, Format Version 12.00
# Visual Studio Version 16
VisualStudioVersion = 16.0.29418.71
MinimumVisualStudioVersion = 10.0.40219.1
Project("{8BC9CEB8-8B4A-11D0-8D11-00A0C91BC942}") = "dual_depth_peeling", "src\dual_depth_peeling.vcxproj", "{D6975093-6843-4E4F-BD2D-31F08E226A11}"
EndProject
Project("{8BC9CEB8-8B4A-11D0-8D11-00A0C91BC942}") = "nvModel", "common\nvModel\nvModel.vcxproj", "{DA20BCC8-2B7C-4FC2-802E-987AF4816C66}"
EndProject
Global
	GlobalSection(SolutionConfigurationPlatforms) = preSolution
		Debug|x64 = Debug|x64
		Release|x64 = Release|x64
	EndGlobalSection
	GlobalSection(ProjectConfigurationPlatforms) = postSolution
		{D6975093-6843-4E4F-BD2D-31F08E226A11}.Debug|x64.ActiveCfg = Debug|x64
		{D6975093-6843-4E4F-BD2D-31F08E226A11}.Debug|x64.Build.0 = Debug|x64
		{D6975093-6843-4E4F-BD2D-31F08E226A11}.Release|x64.ActiveCfg = Release|x64
		{D6975093-6843-4E4F-BD2D-31F08E226A11}.Release|x64.Build.0 = Release|x64
		{DA20BCC8-2B7C-4FC2-802E-987AF4816C66}.Debug|x64.ActiveCfg = Debug|x64
		{DA20BCC8-2B7C-4FC2-802E-987AF4816C66}.Debug|x64.Build.0 = Debug|x64
		{DA20BCC8-2B7C-4FC2-802E-987AF4816C66}.Release|x64.ActiveCfg = Release|x64
		{DA20BCC8-2B7C-4FC2-802E-987AF4816C66}.Release|x64.Build.0 = Release|x64
	EndGlobalSection
	GlobalSection(SolutionProperties) = preSolution
		HideSolutionNode = FALSE
	EndGlobalSection
	GlobalSection(ExtensibilityGlobals) = postSolution
		SolutionGuid = {5518D687-13FA-4183-9F86-9D88F3C2B071}
	EndGlobalSection
EndGlobal
